// !$*UTF8*$!
{
	archiveVersion = 1;
	classes = {
	};
	objectVersion = 46;
	objects = {

/* Begin PBXBuildFile section */
		D99DC8A5257176CD000798E9 /* MechatronixRoad.framework in Frameworks */ = {isa = PBXBuildFile; fileRef = D99DC89D257176CD000798E9 /* MechatronixRoad.framework */; };
		D99DC8A6257176CD000798E9 /* MechatronixODE.framework in Frameworks */ = {isa = PBXBuildFile; fileRef = D99DC89E257176CD000798E9 /* MechatronixODE.framework */; };
		D99DC8A7257176CD000798E9 /* MechatronixAstro.framework in Frameworks */ = {isa = PBXBuildFile; fileRef = D99DC89F257176CD000798E9 /* MechatronixAstro.framework */; };
		D99DC8A8257176CD000798E9 /* MechatronixInterfaceMruby.framework in Frameworks */ = {isa = PBXBuildFile; fileRef = D99DC8A0257176CD000798E9 /* MechatronixInterfaceMruby.framework */; };
		D99DC8A9257176CD000798E9 /* MechatronixSolver.framework in Frameworks */ = {isa = PBXBuildFile; fileRef = D99DC8A1257176CD000798E9 /* MechatronixSolver.framework */; };
		D99DC8AA257176CD000798E9 /* MechatronixManufacturing.framework in Frameworks */ = {isa = PBXBuildFile; fileRef = D99DC8A2257176CD000798E9 /* MechatronixManufacturing.framework */; };
		D99DC8AB257176CD000798E9 /* MechatronixVehicle.framework in Frameworks */ = {isa = PBXBuildFile; fileRef = D99DC8A3257176CD000798E9 /* MechatronixVehicle.framework */; };
		D99DC8AC257176CD000798E9 /* MechatronixCore.framework in Frameworks */ = {isa = PBXBuildFile; fileRef = D99DC8A4257176CD000798E9 /* MechatronixCore.framework */; };
		D99DC8B3257176D6000798E9 /* Bicycle.cc in Sources */ = {isa = PBXBuildFile; fileRef = D99DC8AE257176D6000798E9 /* Bicycle.cc */; };
		D99DC8B4257176D6000798E9 /* Bicycle_Methods.cc in Sources */ = {isa = PBXBuildFile; fileRef = D99DC8B0257176D6000798E9 /* Bicycle_Methods.cc */; };
		D99DC8B5257176D6000798E9 /* Bicycle_mruby_dll.cc in Sources */ = {isa = PBXBuildFile; fileRef = D99DC8B1257176D6000798E9 /* Bicycle_mruby_dll.cc */; };
		D99DC8B8257176E1000798E9 /* Bicycle_Main.cc in Sources */ = {isa = PBXBuildFile; fileRef = D99DC8B7257176E1000798E9 /* Bicycle_Main.cc */; };
/* End PBXBuildFile section */

/* Begin PBXCopyFilesBuildPhase section */
		8DE177D618C0E33500408C17 /* CopyFiles */ = {
			isa = PBXCopyFilesBuildPhase;
			buildActionMask = 2147483647;
			dstPath = /usr/share/man/man1/;
			dstSubfolderSpec = 0;
			files = (
			);
			runOnlyForDeploymentPostprocessing = 1;
		};
/* End PBXCopyFilesBuildPhase section */

/* Begin PBXFileReference section */
		8DE177D818C0E33500408C17 /* bicycle_DS */ = {isa = PBXFileReference; explicitFileType = "compiled.mach-o.executable"; includeInIndex = 0; path = bicycle_DS; sourceTree = BUILT_PRODUCTS_DIR; };
		D99DC89D257176CD000798E9 /* MechatronixRoad.framework */ = {isa = PBXFileReference; lastKnownFileType = wrapper.framework; name = MechatronixRoad.framework; path = ../../../../../../../../../Library/Frameworks/MechatronixRoad.framework; sourceTree = "<group>"; };
		D99DC89E257176CD000798E9 /* MechatronixODE.framework */ = {isa = PBXFileReference; lastKnownFileType = wrapper.framework; name = MechatronixODE.framework; path = ../../../../../../../../../Library/Frameworks/MechatronixODE.framework; sourceTree = "<group>"; };
		D99DC89F257176CD000798E9 /* MechatronixAstro.framework */ = {isa = PBXFileReference; lastKnownFileType = wrapper.framework; name = MechatronixAstro.framework; path = ../../../../../../../../../Library/Frameworks/MechatronixAstro.framework; sourceTree = "<group>"; };
		D99DC8A0257176CD000798E9 /* MechatronixInterfaceMruby.framework */ = {isa = PBXFileReference; lastKnownFileType = wrapper.framework; name = MechatronixInterfaceMruby.framework; path = ../../../../../../../../../Library/Frameworks/MechatronixInterfaceMruby.framework; sourceTree = "<group>"; };
		D99DC8A1257176CD000798E9 /* MechatronixSolver.framework */ = {isa = PBXFileReference; lastKnownFileType = wrapper.framework; name = MechatronixSolver.framework; path = ../../../../../../../../../Library/Frameworks/MechatronixSolver.framework; sourceTree = "<group>"; };
		D99DC8A2257176CD000798E9 /* MechatronixManufacturing.framework */ = {isa = PBXFileReference; lastKnownFileType = wrapper.framework; name = MechatronixManufacturing.framework; path = ../../../../../../../../../Library/Frameworks/MechatronixManufacturing.framework; sourceTree = "<group>"; };
		D99DC8A3257176CD000798E9 /* MechatronixVehicle.framework */ = {isa = PBXFileReference; lastKnownFileType = wrapper.framework; name = MechatronixVehicle.framework; path = ../../../../../../../../../Library/Frameworks/MechatronixVehicle.framework; sourceTree = "<group>"; };
		D99DC8A4257176CD000798E9 /* MechatronixCore.framework */ = {isa = PBXFileReference; lastKnownFileType = wrapper.framework; name = MechatronixCore.framework; path = ../../../../../../../../../Library/Frameworks/MechatronixCore.framework; sourceTree = "<group>"; };
		D99DC8AE257176D6000798E9 /* Bicycle.cc */ = {isa = PBXFileReference; fileEncoding = 4; lastKnownFileType = sourcecode.cpp.cpp; path = Bicycle.cc; sourceTree = "<group>"; };
		D99DC8AF257176D6000798E9 /* Bicycle.hh */ = {isa = PBXFileReference; fileEncoding = 4; lastKnownFileType = sourcecode.cpp.h; path = Bicycle.hh; sourceTree = "<group>"; };
		D99DC8B0257176D6000798E9 /* Bicycle_Methods.cc */ = {isa = PBXFileReference; fileEncoding = 4; lastKnownFileType = sourcecode.cpp.cpp; path = Bicycle_Methods.cc; sourceTree = "<group>"; };
		D99DC8B1257176D6000798E9 /* Bicycle_mruby_dll.cc */ = {isa = PBXFileReference; fileEncoding = 4; lastKnownFileType = sourcecode.cpp.cpp; path = Bicycle_mruby_dll.cc; sourceTree = "<group>"; };
		D99DC8B2257176D6000798E9 /* Bicycle_Pars.hh */ = {isa = PBXFileReference; fileEncoding = 4; lastKnownFileType = sourcecode.cpp.h; path = Bicycle_Pars.hh; sourceTree = "<group>"; };
		D99DC8B7257176E1000798E9 /* Bicycle_Main.cc */ = {isa = PBXFileReference; fileEncoding = 4; lastKnownFileType = sourcecode.cpp.cpp; name = Bicycle_Main.cc; path = "ds-interfaces/cpp/Bicycle_Main.cc"; sourceTree = "<group>"; };
/* End PBXFileReference section */

/* Begin PBXFrameworksBuildPhase section */
		8DE177D518C0E33500408C17 /* Frameworks */ = {
			isa = PBXFrameworksBuildPhase;
			buildActionMask = 2147483647;
			files = (
				D99DC8AC257176CD000798E9 /* MechatronixCore.framework in Frameworks */,
				D99DC8A6257176CD000798E9 /* MechatronixODE.framework in Frameworks */,
				D99DC8A8257176CD000798E9 /* MechatronixInterfaceMruby.framework in Frameworks */,
				D99DC8AA257176CD000798E9 /* MechatronixManufacturing.framework in Frameworks */,
				D99DC8A7257176CD000798E9 /* MechatronixAstro.framework in Frameworks */,
				D99DC8A9257176CD000798E9 /* MechatronixSolver.framework in Frameworks */,
				D99DC8AB257176CD000798E9 /* MechatronixVehicle.framework in Frameworks */,
				D99DC8A5257176CD000798E9 /* MechatronixRoad.framework in Frameworks */,
			);
			runOnlyForDeploymentPostprocessing = 0;
		};
/* End PBXFrameworksBuildPhase section */

/* Begin PBXGroup section */
		8DE177CF18C0E33500408C17 = {
			isa = PBXGroup;
			children = (
				D99DC89F257176CD000798E9 /* MechatronixAstro.framework */,
				D99DC8A4257176CD000798E9 /* MechatronixCore.framework */,
				D99DC8A0257176CD000798E9 /* MechatronixInterfaceMruby.framework */,
				D99DC8A2257176CD000798E9 /* MechatronixManufacturing.framework */,
				D99DC89E257176CD000798E9 /* MechatronixODE.framework */,
				D99DC89D257176CD000798E9 /* MechatronixRoad.framework */,
				D99DC8A1257176CD000798E9 /* MechatronixSolver.framework */,
				D99DC8A3257176CD000798E9 /* MechatronixVehicle.framework */,
				D99DC8B7257176E1000798E9 /* Bicycle_Main.cc */,
				D99DC8AD257176D6000798E9 /* ds-src */,
				8DE177D918C0E33500408C17 /* Products */,
			);
			sourceTree = "<group>";
		};
		8DE177D918C0E33500408C17 /* Products */ = {
			isa = PBXGroup;
			children = (
				8DE177D818C0E33500408C17 /* bicycle_DS */,
			);
			name = Products;
			sourceTree = "<group>";
		};
		D99DC8AD257176D6000798E9 /* ds-src */ = {
			isa = PBXGroup;
			children = (
				D99DC8AE257176D6000798E9 /* Bicycle.cc */,
				D99DC8AF257176D6000798E9 /* Bicycle.hh */,
				D99DC8B0257176D6000798E9 /* Bicycle_Methods.cc */,
				D99DC8B1257176D6000798E9 /* Bicycle_mruby_dll.cc */,
				D99DC8B2257176D6000798E9 /* Bicycle_Pars.hh */,
			);
			path = "ds-src";
			sourceTree = "<group>";
		};
/* End PBXGroup section */

/* Begin PBXNativeTarget section */
		8DE177D718C0E33500408C17 /* bicycle_DS */ = {
			isa = PBXNativeTarget;
			buildConfigurationList = 8DE177E118C0E33500408C17 /* Build configuration list for PBXNativeTarget "bicycle_DS" */;
			buildPhases = (
				8DE177D418C0E33500408C17 /* Sources */,
				8DE177D518C0E33500408C17 /* Frameworks */,
				8DE177D618C0E33500408C17 /* CopyFiles */,
			);
			buildRules = (
			);
			dependencies = (
			);
			name = bicycle_DS;
			productName = bicycle_DS;
			productReference = 8DE177D818C0E33500408C17 /* bicycle_DS */;
			productType = "com.apple.product-type.tool";
		};
/* End PBXNativeTarget section */

/* Begin PBXProject section */
		8DE177D018C0E33500408C17 /* Project object */ = {
			isa = PBXProject;
			attributes = {
				LastUpgradeCheck = 1200;
				ORGANIZATIONNAME = "Francesco Biral";
			};
			buildConfigurationList = 8DE177D318C0E33500408C17 /* Build configuration list for PBXProject "bicycle_DS" */;
			compatibilityVersion = "Xcode 3.2";
			developmentRegion = en;
			hasScannedForEncodings = 0;
			knownRegions = (
				en,
				Base,
			);
			mainGroup = 8DE177CF18C0E33500408C17;
			productRefGroup = 8DE177D918C0E33500408C17 /* Products */;
			projectDirPath = "";
			projectRoot = "";
			targets = (
				8DE177D718C0E33500408C17 /* bicycle_DS */,
			);
		};
/* End PBXProject section */

/* Begin PBXSourcesBuildPhase section */
		8DE177D418C0E33500408C17 /* Sources */ = {
			isa = PBXSourcesBuildPhase;
			buildActionMask = 2147483647;
			files = (
				D99DC8B5257176D6000798E9 /* Bicycle_mruby_dll.cc in Sources */,
				D99DC8B4257176D6000798E9 /* Bicycle_Methods.cc in Sources */,
				D99DC8B8257176E1000798E9 /* Bicycle_Main.cc in Sources */,
				D99DC8B3257176D6000798E9 /* Bicycle.cc in Sources */,
			);
			runOnlyForDeploymentPostprocessing = 0;
		};
/* End PBXSourcesBuildPhase section */

/* Begin XCBuildConfiguration section */
		8DE177DF18C0E33500408C17 /* Debug */ = {
			isa = XCBuildConfiguration;
			buildSettings = {
				ALWAYS_SEARCH_USER_PATHS = NO;
				CLANG_ANALYZER_LOCALIZABILITY_NONLOCALIZED = YES;
				CLANG_CXX_LANGUAGE_STANDARD = "gnu++0x";
				CLANG_CXX_LIBRARY = "libc++";
				CLANG_ENABLE_OBJC_ARC = YES;
				CLANG_WARN_BLOCK_CAPTURE_AUTORELEASING = YES;
				CLANG_WARN_BOOL_CONVERSION = YES;
				CLANG_WARN_COMMA = YES;
				CLANG_WARN_CONSTANT_CONVERSION = YES;
				CLANG_WARN_DEPRECATED_OBJC_IMPLEMENTATIONS = YES;
				CLANG_WARN_DIRECT_OBJC_ISA_USAGE = YES_ERROR;
				CLANG_WARN_EMPTY_BODY = YES;
				CLANG_WARN_ENUM_CONVERSION = YES;
				CLANG_WARN_INFINITE_RECURSION = YES;
				CLANG_WARN_INT_CONVERSION = YES;
				CLANG_WARN_NON_LITERAL_NULL_CONVERSION = YES;
				CLANG_WARN_OBJC_IMPLICIT_RETAIN_SELF = YES;
				CLANG_WARN_OBJC_LITERAL_CONVERSION = YES;
				CLANG_WARN_OBJC_ROOT_CLASS = YES_ERROR;
				CLANG_WARN_QUOTED_INCLUDE_IN_FRAMEWORK_HEADER = YES;
				CLANG_WARN_RANGE_LOOP_ANALYSIS = YES;
				CLANG_WARN_STRICT_PROTOTYPES = YES;
				CLANG_WARN_SUSPICIOUS_MOVE = YES;
				CLANG_WARN_UNREACHABLE_CODE = YES;
				CLANG_WARN__DUPLICATE_METHOD_MATCH = YES;
				COPY_PHASE_STRIP = NO;
				ENABLE_STRICT_OBJC_MSGSEND = YES;
				ENABLE_TESTABILITY = YES;
				GCC_C_LANGUAGE_STANDARD = gnu99;
				GCC_DYNAMIC_NO_PIC = NO;
				GCC_ENABLE_OBJC_EXCEPTIONS = YES;
				GCC_NO_COMMON_BLOCKS = YES;
				GCC_OPTIMIZATION_LEVEL = 0;
				GCC_PREPROCESSOR_DEFINITIONS = (
					"DEBUG=1",
					"$(inherited)",
				);
				GCC_SYMBOLS_PRIVATE_EXTERN = NO;
				GCC_WARN_64_TO_32_BIT_CONVERSION = YES;
				GCC_WARN_ABOUT_RETURN_TYPE = YES_ERROR;
				GCC_WARN_UNDECLARED_SELECTOR = YES;
				GCC_WARN_UNINITIALIZED_AUTOS = YES;
				GCC_WARN_UNUSED_FUNCTION = YES;
				GCC_WARN_UNUSED_VARIABLE = YES;
				MACOSX_DEPLOYMENT_TARGET = 10.9;
				ONLY_ACTIVE_ARCH = YES;
				SDKROOT = macosx;
			};
			name = Debug;
		};
		8DE177E018C0E33500408C17 /* Release */ = {
			isa = XCBuildConfiguration;
			buildSettings = {
				ALWAYS_SEARCH_USER_PATHS = NO;
				CLANG_ANALYZER_LOCALIZABILITY_NONLOCALIZED = YES;
				CLANG_CXX_LANGUAGE_STANDARD = "gnu++0x";
				CLANG_CXX_LIBRARY = "libc++";
				CLANG_ENABLE_OBJC_ARC = YES;
				CLANG_WARN_BLOCK_CAPTURE_AUTORELEASING = YES;
				CLANG_WARN_BOOL_CONVERSION = YES;
				CLANG_WARN_COMMA = YES;
				CLANG_WARN_CONSTANT_CONVERSION = YES;
				CLANG_WARN_DEPRECATED_OBJC_IMPLEMENTATIONS = YES;
				CLANG_WARN_DIRECT_OBJC_ISA_USAGE = YES_ERROR;
				CLANG_WARN_EMPTY_BODY = YES;
				CLANG_WARN_ENUM_CONVERSION = YES;
				CLANG_WARN_INFINITE_RECURSION = YES;
				CLANG_WARN_INT_CONVERSION = YES;
				CLANG_WARN_NON_LITERAL_NULL_CONVERSION = YES;
				CLANG_WARN_OBJC_IMPLICIT_RETAIN_SELF = YES;
				CLANG_WARN_OBJC_LITERAL_CONVERSION = YES;
				CLANG_WARN_OBJC_ROOT_CLASS = YES_ERROR;
				CLANG_WARN_QUOTED_INCLUDE_IN_FRAMEWORK_HEADER = YES;
				CLANG_WARN_RANGE_LOOP_ANALYSIS = YES;
				CLANG_WARN_STRICT_PROTOTYPES = YES;
				CLANG_WARN_SUSPICIOUS_MOVE = YES;
				CLANG_WARN_UNREACHABLE_CODE = YES;
				CLANG_WARN__DUPLICATE_METHOD_MATCH = YES;
				COPY_PHASE_STRIP = YES;
				DEBUG_INFORMATION_FORMAT = "dwarf-with-dsym";
				ENABLE_NS_ASSERTIONS = NO;
				ENABLE_STRICT_OBJC_MSGSEND = YES;
				GCC_C_LANGUAGE_STANDARD = gnu99;
				GCC_ENABLE_OBJC_EXCEPTIONS = YES;
				GCC_NO_COMMON_BLOCKS = YES;
				GCC_WARN_64_TO_32_BIT_CONVERSION = YES;
				GCC_WARN_ABOUT_RETURN_TYPE = YES_ERROR;
				GCC_WARN_UNDECLARED_SELECTOR = YES;
				GCC_WARN_UNINITIALIZED_AUTOS = YES;
				GCC_WARN_UNUSED_FUNCTION = YES;
				GCC_WARN_UNUSED_VARIABLE = YES;
				MACOSX_DEPLOYMENT_TARGET = 10.9;
				SDKROOT = macosx;
			};
			name = Release;
		};
		8DE177E218C0E33500408C17 /* Debug */ = {
			isa = XCBuildConfiguration;
			buildSettings = {
				CODE_SIGN_IDENTITY = "-";
				FRAMEWORK_SEARCH_PATHS = (
					"$(inherited)",
					"$(LOCAL_LIBRARY_DIR)/Frameworks",
				);
				PRODUCT_NAME = "$(TARGET_NAME)";
			};
			name = Debug;
		};
		8DE177E318C0E33500408C17 /* Release */ = {
			isa = XCBuildConfiguration;
			buildSettings = {
				CODE_SIGN_IDENTITY = "-";
				FRAMEWORK_SEARCH_PATHS = (
					"$(inherited)",
					"$(LOCAL_LIBRARY_DIR)/Frameworks",
				);
				PRODUCT_NAME = "$(TARGET_NAME)";
			};
			name = Release;
		};
/* End XCBuildConfiguration section */

/* Begin XCConfigurationList section */
		8DE177D318C0E33500408C17 /* Build configuration list for PBXProject "bicycle_DS" */ = {
			isa = XCConfigurationList;
			buildConfigurations = (
				8DE177DF18C0E33500408C17 /* Debug */,
				8DE177E018C0E33500408C17 /* Release */,
			);
			defaultConfigurationIsVisible = 0;
			defaultConfigurationName = Release;
		};
		8DE177E118C0E33500408C17 /* Build configuration list for PBXNativeTarget "bicycle_DS" */ = {
			isa = XCConfigurationList;
			buildConfigurations = (
				8DE177E218C0E33500408C17 /* Debug */,
				8DE177E318C0E33500408C17 /* Release */,
			);
			defaultConfigurationIsVisible = 0;
			defaultConfigurationName = Release;
		};
/* End XCConfigurationList section */
	};
	rootObject = 8DE177D018C0E33500408C17 /* Project object */;
}
